{
  "nodes": {
    "nixpkgs": {
      "locked": {
        "lastModified": 1736956546,
        "narHash": "sha256-HVtGO5sFcXs7rIF8TZrtm2Dkqh5J5G+qsGyT6b1laDY=",
        "owner": "NixOS",
        "repo": "nixpkgs",
        "rev": "df4f2989a8f89e14bb94d73d93d159756c7766fe",
        "type": "github"
      },
      "original": {
        "owner": "NixOS",
        "repo": "nixpkgs",
        "type": "github"
      }
    },
    "root": {
      "inputs": {
        "nixpkgs": "nixpkgs"
      }
    }
  },
  "root": "root",
  "version": 7
}
